
Microsoft Visual Studio Solution File, Format Version 12.00
# Visual Studio Version 16
VisualStudioVersion = 16.0.31702.278
MinimumVisualStudioVersion = 10.0.40219.1
Project("{8BC9CEB8-8B4A-11D0-8D11-00A0C91BC942}") = "vvp6.3(1)", "vvp6.3(1)\vvp6.3(1).vcxproj", "{7786BF28-C4B5-434C-9F43-A150D6950965}"
EndProject
Global
	GlobalSection(SolutionConfigurationPlatforms) = preSolution
		Debug|x64 = Debug|x64
		Debug|x86 = Debug|x86
		Release|x64 = Release|x64
		Release|x86 = Release|x86
	EndGlobalSection
	GlobalSection(ProjectConfigurationPlatforms) = postSolution
		{7786BF28-C4B5-434C-9F43-A150D6950965}.Debug|x64.ActiveCfg = Debug|x64
		{7786BF28-C4B5-434C-9F43-A150D6950965}.Debug|x64.Build.0 = Debug|x64
		{7786BF28-C4B5-434C-9F43-A150D6950965}.Debug|x86.ActiveCfg = Debug|Win32
		{7786BF28-C4B5-434C-9F43-A150D6950965}.Debug|x86.Build.0 = Debug|Win32
		{7786BF28-C4B5-434C-9F43-A150D6950965}.Release|x64.ActiveCfg = Release|x64
		{7786BF28-C4B5-434C-9F43-A150D6950965}.Release|x64.Build.0 = Release|x64
		{7786BF28-C4B5-434C-9F43-A150D6950965}.Release|x86.ActiveCfg = Release|Win32
		{7786BF28-C4B5-434C-9F43-A150D6950965}.Release|x86.Build.0 = Release|Win32
	EndGlobalSection
	GlobalSection(SolutionProperties) = preSolution
		HideSolutionNode = FALSE
	EndGlobalSection
	GlobalSection(ExtensibilityGlobals) = postSolution
		SolutionGuid = {41D3F6D5-A75B-4D38-A9A1-846CBCD989F0}
	EndGlobalSection
EndGlobal
